{
  "name": "raspeditor",
  "version": "0.1.2",
  "dependencies": {
    "express": {
      "version": "3.0.3",
      "dependencies": {
        "connect": {
          "version": "2.7.0",
          "dependencies": {
            "qs": {
              "version": "0.5.1"
            },
            "formidable": {
              "version": "1.0.11"
            },
            "bytes": {
              "version": "0.1.0"
            },
            "pause": {
              "version": "0.0.1"
            }
          }
        },
        "commander": {
          "version": "0.6.1"
        },
        "range-parser": {
          "version": "0.0.4"
        },
        "mkdirp": {
          "version": "0.3.3"
        },
        "cookie": {
          "version": "0.0.5"
        },
        "crc": {
          "version": "0.2.0"
        },
        "fresh": {
          "version": "0.1.0"
        },
        "methods": {
          "version": "0.0.1"
        },
        "send": {
          "version": "0.1.0",
          "dependencies": {
            "mime": {
              "version": "1.2.6"
            }
          }
        },
        "cookie-signature": {
          "version": "0.0.1"
        },
        "debug": {
          "version": "0.7.0"
        }
      }
    },
    "passport": {
      "version": "0.1.15",
      "dependencies": {
        "pkginfo": {
          "version": "0.2.3"
        }
      }
    },
    "passport-bitbucket": {
      "version": "0.1.1",
      "dependencies": {
        "pkginfo": {
          "version": "0.2.3"
        },
        "passport-oauth": {
          "version": "0.1.12",
          "dependencies": {
            "passport": {
              "version": "0.1.15",
              "dependencies": {
                "pkginfo": {
                  "version": "0.2.3"
                }
              }
            },
            "oauth": {
              "version": "0.9.8"
            }
          }
        }
      }
    },
    "jade": {
      "version": "0.27.7",
      "dependencies": {
        "commander": {
          "version": "0.6.1"
        },
        "mkdirp": {
          "version": "0.3.4"
        },
        "coffee-script": {
          "version": "1.4.0"
        }
      }
    },
    "request": {
      "version": "2.12.0",
      "dependencies": {
        "form-data": {
          "version": "0.0.3",
          "dependencies": {
            "combined-stream": {
              "version": "0.0.3",
              "dependencies": {
                "delayed-stream": {
                  "version": "0.0.5"
                }
              }
            },
            "async": {
              "version": "0.1.9"
            }
          }
        },
        "mime": {
          "version": "1.2.7"
        }
      }
    },
    "socket.io": {
      "version": "0.9.11",
      "dependencies": {
        "socket.io-client": {
          "version": "0.9.11",
          "dependencies": {
            "uglify-js": {
              "version": "1.2.5"
            },
            "ws": {
              "version": "0.4.23",
              "dependencies": {
                "commander": {
                  "version": "0.6.1"
                },
                "tinycolor": {
                  "version": "0.0.1"
                },
                "options": {
                  "version": "0.0.3"
                }
              }
            },
            "xmlhttprequest": {
              "version": "1.4.2"
            },
            "active-x-obfuscator": {
              "version": "0.0.1",
              "dependencies": {
                "zeparser": {
                  "version": "0.0.5"
                }
              }
            }
          }
        },
        "policyfile": {
          "version": "0.0.4"
        },
        "redis": {
          "version": "0.7.3"
        }
      }
    },
    "gitty": {
      "version": "0.0.1",
      "from": "git://github.com/jwcooper/Gitty.git"
    },
    "jsDAV": {
      "version": "0.1.4",
      "from": "git://github.com/jwcooper/jsDAV.git",
      "dependencies": {
        "asyncjs": {
          "version": "0.0.8"
        },
        "formidable": {
          "version": "1.0.9"
        },
        "jsftp": {
          "version": "0.4.2",
          "dependencies": {
            "streamer": {
              "version": "0.2.1"
            }
          }
        },
        "node-sftp": {
          "version": "0.1.1"
        },
        "xmldom": {
          "version": "0.1.2"
        },
        "gnu-tools": {
          "version": "0.0.8"
        }
      }
    },
    "connect": {
      "version": "2.7.0",
      "dependencies": {
        "qs": {
          "version": "0.5.1"
        },
        "formidable": {
          "version": "1.0.11"
        },
        "cookie-signature": {
          "version": "0.0.1"
        },
        "crc": {
          "version": "0.2.0"
        },
        "cookie": {
          "version": "0.0.5"
        },
        "bytes": {
          "version": "0.1.0"
        },
        "send": {
          "version": "0.1.0",
          "dependencies": {
            "mime": {
              "version": "1.2.6"
            },
            "range-parser": {
              "version": "0.0.4"
            }
          }
        },
        "fresh": {
          "version": "0.1.0"
        },
        "pause": {
          "version": "0.0.1"
        },
        "debug": {
          "version": "0.7.0"
        }
      }
    },
    "connect-redis": {
      "version": "1.4.5",
      "dependencies": {
        "redis": {
          "version": "0.7.3"
        },
        "debug": {
          "version": "0.7.0"
        }
      }
    },
    "redis": {
      "version": "0.8.2"
    },
    "tty.js": {
      "version": "0.2.7",
      "from": "git://github.com/jwcooper/tty.js.git",
      "dependencies": {
        "express": {
          "version": "3.0.0beta4",
          "dependencies": {
            "connect": {
              "version": "2.3.4",
              "dependencies": {
                "qs": {
                  "version": "0.4.2"
                },
                "mime": {
                  "version": "1.2.4"
                },
                "formidable": {
                  "version": "1.0.11"
                },
                "cookie": {
                  "version": "0.0.4"
                },
                "fresh": {
                  "version": "0.0.1"
                },
                "bytes": {
                  "version": "0.0.1"
                }
              }
            },
            "commander": {
              "version": "0.6.1"
            },
            "range-parser": {
              "version": "0.0.4"
            },
            "mkdirp": {
              "version": "0.3.3"
            },
            "cookie": {
              "version": "0.0.3"
            },
            "crc": {
              "version": "0.2.0"
            },
            "fresh": {
              "version": "0.1.0"
            },
            "methods": {
              "version": "0.0.1"
            },
            "debug": {
              "version": "0.7.0"
            }
          }
        },
        "socket.io": {
          "version": "0.9.6",
          "dependencies": {
            "socket.io-client": {
              "version": "0.9.6",
              "dependencies": {
                "uglify-js": {
                  "version": "1.2.5"
                },
                "ws": {
                  "version": "0.4.23",
                  "dependencies": {
                    "commander": {
                      "version": "0.6.1"
                    },
                    "tinycolor": {
                      "version": "0.0.1"
                    },
                    "options": {
                      "version": "0.0.3"
                    }
                  }
                },
                "xmlhttprequest": {
                  "version": "1.2.2"
                },
                "active-x-obfuscator": {
                  "version": "0.0.1",
                  "dependencies": {
                    "zeparser": {
                      "version": "0.0.5"
                    }
                  }
                }
              }
            },
            "policyfile": {
              "version": "0.0.4"
            },
            "redis": {
              "version": "0.6.7"
            }
          }
        },
        "pty.js": {
          "version": "0.1.2"
        }
      }
    },
    "validator": {
      "version": "0.4.16"
    },
    "winston": {
      "version": "0.6.2",
      "dependencies": {
        "async": {
          "version": "0.1.22"
        },
        "colors": {
          "version": "0.6.0-1"
        },
        "cycle": {
          "version": "1.0.0"
        },
        "eyes": {
          "version": "0.1.8"
        },
        "pkginfo": {
          "version": "0.2.3"
        },
        "request": {
          "version": "2.9.203"
        },
        "stack-trace": {
          "version": "0.0.6"
        }
      }
    },
    "later": {
      "version": "0.0.5"
    }
  }
}
